
Microsoft Visual Studio Solution File, Format Version 12.00
# Visual Studio Version 17
VisualStudioVersion = 17.14.36401.2
MinimumVisualStudioVersion = 10.0.40219.1
Project("{FAE04EC0-301F-11D3-BF4B-00C04F79EFBC}") = "RBAC", "RBAC\RBAC.csproj", "{864CCC60-92DC-458D-B513-D4B150D86362}"
EndProject
Project("{2150E333-8FDC-42A3-9474-1A3956D46DE8}") = "Infrastructure", "Infrastructure", "{02EA681E-C7D8-13C7-8484-4AC65E1B71E8}"
EndProject
Project("{FAE04EC0-301F-11D3-BF4B-00C04F79EFBC}") = "Model", "Modell\Model.csproj", "{02F322B5-6F83-4BA8-8B18-AC78B52159A0}"
EndProject
Project("{FAE04EC0-301F-11D3-BF4B-00C04F79EFBC}") = "Data", "Data\Data.csproj", "{644E8000-8AFB-40C1-90D5-03B60E642A93}"
EndProject
Project("{FAE04EC0-301F-11D3-BF4B-00C04F79EFBC}") = "Service", "Service\Service.csproj", "{99A5FEB0-EC19-46D4-9E7C-A1C221A8FB87}"
EndProject
Project("{2150E333-8FDC-42A3-9474-1A3956D46DE8}") = "Helper", "Helper", "{FEAB234F-6747-494E-AF3C-B08BAC5ACFB5}"
	ProjectSection(SolutionItems) = preProject
		Enums.cs = Enums.cs
	EndProjectSection
EndProject
Project("{FAE04EC0-301F-11D3-BF4B-00C04F79EFBC}") = "Utility", "Utility\Utility.csproj", "{93B7C6FB-EF9B-4E0B-9E0A-C45E2FFFE9C3}"
EndProject
Global
	GlobalSection(SolutionConfigurationPlatforms) = preSolution
		Debug|Any CPU = Debug|Any CPU
		Release|Any CPU = Release|Any CPU
	EndGlobalSection
	GlobalSection(ProjectConfigurationPlatforms) = postSolution
		{864CCC60-92DC-458D-B513-D4B150D86362}.Debug|Any CPU.ActiveCfg = Debug|Any CPU
		{864CCC60-92DC-458D-B513-D4B150D86362}.Debug|Any CPU.Build.0 = Debug|Any CPU
		{864CCC60-92DC-458D-B513-D4B150D86362}.Release|Any CPU.ActiveCfg = Release|Any CPU
		{864CCC60-92DC-458D-B513-D4B150D86362}.Release|Any CPU.Build.0 = Release|Any CPU
		{02F322B5-6F83-4BA8-8B18-AC78B52159A0}.Debug|Any CPU.ActiveCfg = Debug|Any CPU
		{02F322B5-6F83-4BA8-8B18-AC78B52159A0}.Debug|Any CPU.Build.0 = Debug|Any CPU
		{02F322B5-6F83-4BA8-8B18-AC78B52159A0}.Release|Any CPU.ActiveCfg = Release|Any CPU
		{02F322B5-6F83-4BA8-8B18-AC78B52159A0}.Release|Any CPU.Build.0 = Release|Any CPU
		{644E8000-8AFB-40C1-90D5-03B60E642A93}.Debug|Any CPU.ActiveCfg = Debug|Any CPU
		{644E8000-8AFB-40C1-90D5-03B60E642A93}.Debug|Any CPU.Build.0 = Debug|Any CPU
		{644E8000-8AFB-40C1-90D5-03B60E642A93}.Release|Any CPU.ActiveCfg = Release|Any CPU
		{644E8000-8AFB-40C1-90D5-03B60E642A93}.Release|Any CPU.Build.0 = Release|Any CPU
		{99A5FEB0-EC19-46D4-9E7C-A1C221A8FB87}.Debug|Any CPU.ActiveCfg = Debug|Any CPU
		{99A5FEB0-EC19-46D4-9E7C-A1C221A8FB87}.Debug|Any CPU.Build.0 = Debug|Any CPU
		{99A5FEB0-EC19-46D4-9E7C-A1C221A8FB87}.Release|Any CPU.ActiveCfg = Release|Any CPU
		{99A5FEB0-EC19-46D4-9E7C-A1C221A8FB87}.Release|Any CPU.Build.0 = Release|Any CPU
		{93B7C6FB-EF9B-4E0B-9E0A-C45E2FFFE9C3}.Debug|Any CPU.ActiveCfg = Debug|Any CPU
		{93B7C6FB-EF9B-4E0B-9E0A-C45E2FFFE9C3}.Debug|Any CPU.Build.0 = Debug|Any CPU
		{93B7C6FB-EF9B-4E0B-9E0A-C45E2FFFE9C3}.Release|Any CPU.ActiveCfg = Release|Any CPU
		{93B7C6FB-EF9B-4E0B-9E0A-C45E2FFFE9C3}.Release|Any CPU.Build.0 = Release|Any CPU
	EndGlobalSection
	GlobalSection(SolutionProperties) = preSolution
		HideSolutionNode = FALSE
	EndGlobalSection
	GlobalSection(NestedProjects) = preSolution
		{02F322B5-6F83-4BA8-8B18-AC78B52159A0} = {02EA681E-C7D8-13C7-8484-4AC65E1B71E8}
		{644E8000-8AFB-40C1-90D5-03B60E642A93} = {02EA681E-C7D8-13C7-8484-4AC65E1B71E8}
		{99A5FEB0-EC19-46D4-9E7C-A1C221A8FB87} = {02EA681E-C7D8-13C7-8484-4AC65E1B71E8}
		{93B7C6FB-EF9B-4E0B-9E0A-C45E2FFFE9C3} = {FEAB234F-6747-494E-AF3C-B08BAC5ACFB5}
	EndGlobalSection
	GlobalSection(ExtensibilityGlobals) = postSolution
		SolutionGuid = {FC3DE4C4-39F0-4CF3-A6BF-EC9331D1427E}
	EndGlobalSection
EndGlobal
